// !$*UTF8*$!
{
	archiveVersion = 1;
	classes = {
	};
	objectVersion = 50;
	objects = {

/* Begin PBXBuildFile section */
		3640A401246B04E500251FEC /* HelperAppDelegate.swift in Sources */ = {isa = PBXBuildFile; fileRef = 3640A400246B04E500251FEC /* HelperAppDelegate.swift */; };
		3640A405246B04E700251FEC /* Assets.xcassets in Resources */ = {isa = PBXBuildFile; fileRef = 3640A404246B04E700251FEC /* Assets.xcassets */; };
		3640A408246B04E700251FEC /* Preview Assets.xcassets in Resources */ = {isa = PBXBuildFile; fileRef = 3640A407246B04E700251FEC /* Preview Assets.xcassets */; };
		3640A40B246B04E700251FEC /* Main.storyboard in Resources */ = {isa = PBXBuildFile; fileRef = 3640A409246B04E700251FEC /* Main.storyboard */; };
		3640A415246B09AC00251FEC /* Open In Profile Helper.app in CopyFiles */ = {isa = PBXBuildFile; fileRef = 3640A3FE246B04E500251FEC /* Open In Profile Helper.app */; settings = {ATTRIBUTES = (RemoveHeadersOnCopy, ); }; };
		36932E5124672B1E00B752F9 /* AppDelegate.swift in Sources */ = {isa = PBXBuildFile; fileRef = 36932E5024672B1E00B752F9 /* AppDelegate.swift */; };
		36932E5324672B1E00B752F9 /* ContentView.swift in Sources */ = {isa = PBXBuildFile; fileRef = 36932E5224672B1E00B752F9 /* ContentView.swift */; };
		36932E5624672B1E00B752F9 /* Open_In_Profile.xcdatamodeld in Sources */ = {isa = PBXBuildFile; fileRef = 36932E5424672B1E00B752F9 /* Open_In_Profile.xcdatamodeld */; };
		36932E5824672B1F00B752F9 /* Assets.xcassets in Resources */ = {isa = PBXBuildFile; fileRef = 36932E5724672B1F00B752F9 /* Assets.xcassets */; };
		36932E5B24672B1F00B752F9 /* Preview Assets.xcassets in Resources */ = {isa = PBXBuildFile; fileRef = 36932E5A24672B1F00B752F9 /* Preview Assets.xcassets */; };
		36932E5E24672B1F00B752F9 /* Main.storyboard in Resources */ = {isa = PBXBuildFile; fileRef = 36932E5C24672B1F00B752F9 /* Main.storyboard */; };
		36932E752467FEE500B752F9 /* SettingsView.swift in Sources */ = {isa = PBXBuildFile; fileRef = 36932E742467FEE500B752F9 /* SettingsView.swift */; };
		36932E772467FF2E00B752F9 /* VisitedUrlRowView.swift in Sources */ = {isa = PBXBuildFile; fileRef = 36932E762467FF2E00B752F9 /* VisitedUrlRowView.swift */; };
		36932E792467FF6500B752F9 /* NoLinksView.swift in Sources */ = {isa = PBXBuildFile; fileRef = 36932E782467FF6500B752F9 /* NoLinksView.swift */; };
		36932E7B2468000900B752F9 /* Helper.swift in Sources */ = {isa = PBXBuildFile; fileRef = 36932E7A2468000900B752F9 /* Helper.swift */; };
		36932E802468013E00B752F9 /* VisitedUrl+CoreDataClass.swift in Sources */ = {isa = PBXBuildFile; fileRef = 36932E7E2468013E00B752F9 /* VisitedUrl+CoreDataClass.swift */; };
		36932E812468013E00B752F9 /* VisitedUrl+CoreDataProperties.swift in Sources */ = {isa = PBXBuildFile; fileRef = 36932E7F2468013E00B752F9 /* VisitedUrl+CoreDataProperties.swift */; };
		36932E842468258B00B752F9 /* GeneralSettingsView.swift in Sources */ = {isa = PBXBuildFile; fileRef = 36932E832468258B00B752F9 /* GeneralSettingsView.swift */; };
		36932E86246825F800B752F9 /* ResetSettingsView.swift in Sources */ = {isa = PBXBuildFile; fileRef = 36932E85246825F800B752F9 /* ResetSettingsView.swift */; };
		36D9418B246C24C800A213BB /* AboutView.swift in Sources */ = {isa = PBXBuildFile; fileRef = 36D9418A246C24C800A213BB /* AboutView.swift */; };
/* End PBXBuildFile section */

/* Begin PBXCopyFilesBuildPhase section */
		3640A414246B099D00251FEC /* CopyFiles */ = {
			isa = PBXCopyFilesBuildPhase;
			buildActionMask = 2147483647;
			dstPath = Contents/Library/LoginItems;
			dstSubfolderSpec = 1;
			files = (
				3640A415246B09AC00251FEC /* Open In Profile Helper.app in CopyFiles */,
			);
			runOnlyForDeploymentPostprocessing = 0;
		};
/* End PBXCopyFilesBuildPhase section */

/* Begin PBXFileReference section */
		3640A3FE246B04E500251FEC /* Open In Profile Helper.app */ = {isa = PBXFileReference; explicitFileType = wrapper.application; includeInIndex = 0; path = "Open In Profile Helper.app"; sourceTree = BUILT_PRODUCTS_DIR; };
		3640A400246B04E500251FEC /* HelperAppDelegate.swift */ = {isa = PBXFileReference; lastKnownFileType = sourcecode.swift; path = HelperAppDelegate.swift; sourceTree = "<group>"; };
		3640A404246B04E700251FEC /* Assets.xcassets */ = {isa = PBXFileReference; lastKnownFileType = folder.assetcatalog; path = Assets.xcassets; sourceTree = "<group>"; };
		3640A407246B04E700251FEC /* Preview Assets.xcassets */ = {isa = PBXFileReference; lastKnownFileType = folder.assetcatalog; path = "Preview Assets.xcassets"; sourceTree = "<group>"; };
		3640A40A246B04E700251FEC /* Base */ = {isa = PBXFileReference; lastKnownFileType = file.storyboard; name = Base; path = Base.lproj/Main.storyboard; sourceTree = "<group>"; };
		3640A40C246B04E700251FEC /* Info.plist */ = {isa = PBXFileReference; lastKnownFileType = text.plist.xml; path = Info.plist; sourceTree = "<group>"; };
		3640A40D246B04E700251FEC /* Open_In_Profile_Helper.entitlements */ = {isa = PBXFileReference; lastKnownFileType = text.plist.entitlements; path = Open_In_Profile_Helper.entitlements; sourceTree = "<group>"; };
		36932E4D24672B1E00B752F9 /* Open In Profile.app */ = {isa = PBXFileReference; explicitFileType = wrapper.application; includeInIndex = 0; path = "Open In Profile.app"; sourceTree = BUILT_PRODUCTS_DIR; };
		36932E5024672B1E00B752F9 /* AppDelegate.swift */ = {isa = PBXFileReference; lastKnownFileType = sourcecode.swift; path = AppDelegate.swift; sourceTree = "<group>"; };
		36932E5224672B1E00B752F9 /* ContentView.swift */ = {isa = PBXFileReference; lastKnownFileType = sourcecode.swift; path = ContentView.swift; sourceTree = "<group>"; };
		36932E5524672B1E00B752F9 /* Open_In_Profile.xcdatamodel */ = {isa = PBXFileReference; lastKnownFileType = wrapper.xcdatamodel; path = Open_In_Profile.xcdatamodel; sourceTree = "<group>"; };
		36932E5724672B1F00B752F9 /* Assets.xcassets */ = {isa = PBXFileReference; lastKnownFileType = folder.assetcatalog; path = Assets.xcassets; sourceTree = "<group>"; };
		36932E5A24672B1F00B752F9 /* Preview Assets.xcassets */ = {isa = PBXFileReference; lastKnownFileType = folder.assetcatalog; path = "Preview Assets.xcassets"; sourceTree = "<group>"; };
		36932E5D24672B1F00B752F9 /* Base */ = {isa = PBXFileReference; lastKnownFileType = file.storyboard; name = Base; path = Base.lproj/Main.storyboard; sourceTree = "<group>"; };
		36932E5F24672B1F00B752F9 /* Info.plist */ = {isa = PBXFileReference; lastKnownFileType = text.plist.xml; path = Info.plist; sourceTree = "<group>"; };
		36932E6024672B1F00B752F9 /* Open_In_Profile.entitlements */ = {isa = PBXFileReference; lastKnownFileType = text.plist.entitlements; path = Open_In_Profile.entitlements; sourceTree = "<group>"; };
		36932E742467FEE500B752F9 /* SettingsView.swift */ = {isa = PBXFileReference; lastKnownFileType = sourcecode.swift; path = SettingsView.swift; sourceTree = "<group>"; };
		36932E762467FF2E00B752F9 /* VisitedUrlRowView.swift */ = {isa = PBXFileReference; lastKnownFileType = sourcecode.swift; path = VisitedUrlRowView.swift; sourceTree = "<group>"; };
		36932E782467FF6500B752F9 /* NoLinksView.swift */ = {isa = PBXFileReference; lastKnownFileType = sourcecode.swift; path = NoLinksView.swift; sourceTree = "<group>"; };
		36932E7A2468000900B752F9 /* Helper.swift */ = {isa = PBXFileReference; lastKnownFileType = sourcecode.swift; path = Helper.swift; sourceTree = "<group>"; };
		36932E7E2468013E00B752F9 /* VisitedUrl+CoreDataClass.swift */ = {isa = PBXFileReference; lastKnownFileType = sourcecode.swift; path = "VisitedUrl+CoreDataClass.swift"; sourceTree = "<group>"; };
		36932E7F2468013E00B752F9 /* VisitedUrl+CoreDataProperties.swift */ = {isa = PBXFileReference; lastKnownFileType = sourcecode.swift; path = "VisitedUrl+CoreDataProperties.swift"; sourceTree = "<group>"; };
		36932E832468258B00B752F9 /* GeneralSettingsView.swift */ = {isa = PBXFileReference; lastKnownFileType = sourcecode.swift; path = GeneralSettingsView.swift; sourceTree = "<group>"; };
		36932E85246825F800B752F9 /* ResetSettingsView.swift */ = {isa = PBXFileReference; lastKnownFileType = sourcecode.swift; path = ResetSettingsView.swift; sourceTree = "<group>"; };
		36D9418A246C24C800A213BB /* AboutView.swift */ = {isa = PBXFileReference; lastKnownFileType = sourcecode.swift; path = AboutView.swift; sourceTree = "<group>"; };
/* End PBXFileReference section */

/* Begin PBXFrameworksBuildPhase section */
		3640A3FB246B04E500251FEC /* Frameworks */ = {
			isa = PBXFrameworksBuildPhase;
			buildActionMask = 2147483647;
			files = (
			);
			runOnlyForDeploymentPostprocessing = 0;
		};
		36932E4A24672B1E00B752F9 /* Frameworks */ = {
			isa = PBXFrameworksBuildPhase;
			buildActionMask = 2147483647;
			files = (
			);
			runOnlyForDeploymentPostprocessing = 0;
		};
/* End PBXFrameworksBuildPhase section */

/* Begin PBXGroup section */
		3640A3FF246B04E500251FEC /* Open In Profile Helper */ = {
			isa = PBXGroup;
			children = (
				3640A400246B04E500251FEC /* HelperAppDelegate.swift */,
				3640A404246B04E700251FEC /* Assets.xcassets */,
				3640A409246B04E700251FEC /* Main.storyboard */,
				3640A40C246B04E700251FEC /* Info.plist */,
				3640A40D246B04E700251FEC /* Open_In_Profile_Helper.entitlements */,
				3640A406246B04E700251FEC /* Preview Content */,
			);
			path = "Open In Profile Helper";
			sourceTree = "<group>";
		};
		3640A406246B04E700251FEC /* Preview Content */ = {
			isa = PBXGroup;
			children = (
				3640A407246B04E700251FEC /* Preview Assets.xcassets */,
			);
			path = "Preview Content";
			sourceTree = "<group>";
		};
		36932E4424672B1E00B752F9 = {
			isa = PBXGroup;
			children = (
				36932E4F24672B1E00B752F9 /* Open In Profile */,
				3640A3FF246B04E500251FEC /* Open In Profile Helper */,
				36932E4E24672B1E00B752F9 /* Products */,
			);
			sourceTree = "<group>";
		};
		36932E4E24672B1E00B752F9 /* Products */ = {
			isa = PBXGroup;
			children = (
				36932E4D24672B1E00B752F9 /* Open In Profile.app */,
				3640A3FE246B04E500251FEC /* Open In Profile Helper.app */,
			);
			name = Products;
			sourceTree = "<group>";
		};
		36932E4F24672B1E00B752F9 /* Open In Profile */ = {
			isa = PBXGroup;
			children = (
				36932E5024672B1E00B752F9 /* AppDelegate.swift */,
				36932E5224672B1E00B752F9 /* ContentView.swift */,
				36932E762467FF2E00B752F9 /* VisitedUrlRowView.swift */,
				36932E782467FF6500B752F9 /* NoLinksView.swift */,
				36932E7A2468000900B752F9 /* Helper.swift */,
				36932E88246867F000B752F9 /* Models */,
				36932E822468257C00B752F9 /* Settings */,
				36932E5724672B1F00B752F9 /* Assets.xcassets */,
				36932E5C24672B1F00B752F9 /* Main.storyboard */,
				36932E5F24672B1F00B752F9 /* Info.plist */,
				36932E6024672B1F00B752F9 /* Open_In_Profile.entitlements */,
				36932E5424672B1E00B752F9 /* Open_In_Profile.xcdatamodeld */,
				36932E5924672B1F00B752F9 /* Preview Content */,
			);
			path = "Open In Profile";
			sourceTree = "<group>";
		};
		36932E5924672B1F00B752F9 /* Preview Content */ = {
			isa = PBXGroup;
			children = (
				36932E5A24672B1F00B752F9 /* Preview Assets.xcassets */,
			);
			path = "Preview Content";
			sourceTree = "<group>";
		};
		36932E822468257C00B752F9 /* Settings */ = {
			isa = PBXGroup;
			children = (
				36932E742467FEE500B752F9 /* SettingsView.swift */,
				36932E832468258B00B752F9 /* GeneralSettingsView.swift */,
				36932E85246825F800B752F9 /* ResetSettingsView.swift */,
				36D9418A246C24C800A213BB /* AboutView.swift */,
			);
			path = Settings;
			sourceTree = "<group>";
		};
		36932E88246867F000B752F9 /* Models */ = {
			isa = PBXGroup;
			children = (
				36932E7F2468013E00B752F9 /* VisitedUrl+CoreDataProperties.swift */,
				36932E7E2468013E00B752F9 /* VisitedUrl+CoreDataClass.swift */,
			);
			name = Models;
			sourceTree = "<group>";
		};
/* End PBXGroup section */

/* Begin PBXNativeTarget section */
		3640A3FD246B04E500251FEC /* Open In Profile Helper */ = {
			isa = PBXNativeTarget;
			buildConfigurationList = 3640A410246B04E700251FEC /* Build configuration list for PBXNativeTarget "Open In Profile Helper" */;
			buildPhases = (
				3640A3FA246B04E500251FEC /* Sources */,
				3640A3FB246B04E500251FEC /* Frameworks */,
				3640A3FC246B04E500251FEC /* Resources */,
			);
			buildRules = (
			);
			dependencies = (
			);
			name = "Open In Profile Helper";
			productName = "Open In Profile Helper";
			productReference = 3640A3FE246B04E500251FEC /* Open In Profile Helper.app */;
			productType = "com.apple.product-type.application";
		};
		36932E4C24672B1E00B752F9 /* Open In Profile */ = {
			isa = PBXNativeTarget;
			buildConfigurationList = 36932E6324672B1F00B752F9 /* Build configuration list for PBXNativeTarget "Open In Profile" */;
			buildPhases = (
				36932E4924672B1E00B752F9 /* Sources */,
				36932E4A24672B1E00B752F9 /* Frameworks */,
				36932E4B24672B1E00B752F9 /* Resources */,
				3640A414246B099D00251FEC /* CopyFiles */,
			);
			buildRules = (
			);
			dependencies = (
			);
			name = "Open In Profile";
			productName = "Open In Profile";
			productReference = 36932E4D24672B1E00B752F9 /* Open In Profile.app */;
			productType = "com.apple.product-type.application";
		};
/* End PBXNativeTarget section */

/* Begin PBXProject section */
		36932E4524672B1E00B752F9 /* Project object */ = {
			isa = PBXProject;
			attributes = {
				LastSwiftUpdateCheck = 1140;
				LastUpgradeCheck = 1140;
				ORGANIZATIONNAME = "H. Can Celik";
				TargetAttributes = {
					3640A3FD246B04E500251FEC = {
						CreatedOnToolsVersion = 11.4.1;
					};
					36932E4C24672B1E00B752F9 = {
						CreatedOnToolsVersion = 11.4.1;
					};
				};
			};
			buildConfigurationList = 36932E4824672B1E00B752F9 /* Build configuration list for PBXProject "Open In Profile" */;
			compatibilityVersion = "Xcode 9.3";
			developmentRegion = en;
			hasScannedForEncodings = 0;
			knownRegions = (
				en,
				Base,
			);
			mainGroup = 36932E4424672B1E00B752F9;
			productRefGroup = 36932E4E24672B1E00B752F9 /* Products */;
			projectDirPath = "";
			projectRoot = "";
			targets = (
				36932E4C24672B1E00B752F9 /* Open In Profile */,
				3640A3FD246B04E500251FEC /* Open In Profile Helper */,
			);
		};
/* End PBXProject section */

/* Begin PBXResourcesBuildPhase section */
		3640A3FC246B04E500251FEC /* Resources */ = {
			isa = PBXResourcesBuildPhase;
			buildActionMask = 2147483647;
			files = (
				3640A40B246B04E700251FEC /* Main.storyboard in Resources */,
				3640A408246B04E700251FEC /* Preview Assets.xcassets in Resources */,
				3640A405246B04E700251FEC /* Assets.xcassets in Resources */,
			);
			runOnlyForDeploymentPostprocessing = 0;
		};
		36932E4B24672B1E00B752F9 /* Resources */ = {
			isa = PBXResourcesBuildPhase;
			buildActionMask = 2147483647;
			files = (
				36932E5E24672B1F00B752F9 /* Main.storyboard in Resources */,
				36932E5B24672B1F00B752F9 /* Preview Assets.xcassets in Resources */,
				36932E5824672B1F00B752F9 /* Assets.xcassets in Resources */,
			);
			runOnlyForDeploymentPostprocessing = 0;
		};
/* End PBXResourcesBuildPhase section */

/* Begin PBXSourcesBuildPhase section */
		3640A3FA246B04E500251FEC /* Sources */ = {
			isa = PBXSourcesBuildPhase;
			buildActionMask = 2147483647;
			files = (
				3640A401246B04E500251FEC /* HelperAppDelegate.swift in Sources */,
			);
			runOnlyForDeploymentPostprocessing = 0;
		};
		36932E4924672B1E00B752F9 /* Sources */ = {
			isa = PBXSourcesBuildPhase;
			buildActionMask = 2147483647;
			files = (
				36932E812468013E00B752F9 /* VisitedUrl+CoreDataProperties.swift in Sources */,
				36932E5324672B1E00B752F9 /* ContentView.swift in Sources */,
				36932E802468013E00B752F9 /* VisitedUrl+CoreDataClass.swift in Sources */,
				36932E7B2468000900B752F9 /* Helper.swift in Sources */,
				36D9418B246C24C800A213BB /* AboutView.swift in Sources */,
				36932E842468258B00B752F9 /* GeneralSettingsView.swift in Sources */,
				36932E86246825F800B752F9 /* ResetSettingsView.swift in Sources */,
				36932E752467FEE500B752F9 /* SettingsView.swift in Sources */,
				36932E5124672B1E00B752F9 /* AppDelegate.swift in Sources */,
				36932E772467FF2E00B752F9 /* VisitedUrlRowView.swift in Sources */,
				36932E5624672B1E00B752F9 /* Open_In_Profile.xcdatamodeld in Sources */,
				36932E792467FF6500B752F9 /* NoLinksView.swift in Sources */,
			);
			runOnlyForDeploymentPostprocessing = 0;
		};
/* End PBXSourcesBuildPhase section */

/* Begin PBXVariantGroup section */
		3640A409246B04E700251FEC /* Main.storyboard */ = {
			isa = PBXVariantGroup;
			children = (
				3640A40A246B04E700251FEC /* Base */,
			);
			name = Main.storyboard;
			sourceTree = "<group>";
		};
		36932E5C24672B1F00B752F9 /* Main.storyboard */ = {
			isa = PBXVariantGroup;
			children = (
				36932E5D24672B1F00B752F9 /* Base */,
			);
			name = Main.storyboard;
			sourceTree = "<group>";
		};
/* End PBXVariantGroup section */

/* Begin XCBuildConfiguration section */
		3640A40E246B04E700251FEC /* Debug */ = {
			isa = XCBuildConfiguration;
			buildSettings = {
				ASSETCATALOG_COMPILER_APPICON_NAME = AppIcon;
				CODE_SIGN_ENTITLEMENTS = "Open In Profile Helper/Open_In_Profile_Helper.entitlements";
				CODE_SIGN_STYLE = Automatic;
				COMBINE_HIDPI_IMAGES = YES;
				DEVELOPMENT_ASSET_PATHS = "\"Open In Profile Helper/Preview Content\"";
				DEVELOPMENT_TEAM = 4JKN6R4HEF;
				ENABLE_HARDENED_RUNTIME = YES;
				ENABLE_PREVIEWS = YES;
				INFOPLIST_FILE = "Open In Profile Helper/Info.plist";
				LD_RUNPATH_SEARCH_PATHS = (
					"$(inherited)",
					"@executable_path/../Frameworks",
				);
				MACOSX_DEPLOYMENT_TARGET = 10.15;
				PRODUCT_BUNDLE_IDENTIFIER = "com.hcancelik.Open-In-Profile-Helper";
				PRODUCT_NAME = "$(TARGET_NAME)";
				SKIP_INSTALL = YES;
				SWIFT_VERSION = 5.0;
			};
			name = Debug;
		};
		3640A40F246B04E700251FEC /* Release */ = {
			isa = XCBuildConfiguration;
			buildSettings = {
				ASSETCATALOG_COMPILER_APPICON_NAME = AppIcon;
				CODE_SIGN_ENTITLEMENTS = "Open In Profile Helper/Open_In_Profile_Helper.entitlements";
				CODE_SIGN_STYLE = Automatic;
				COMBINE_HIDPI_IMAGES = YES;
				DEVELOPMENT_ASSET_PATHS = "\"Open In Profile Helper/Preview Content\"";
				DEVELOPMENT_TEAM = 4JKN6R4HEF;
				ENABLE_HARDENED_RUNTIME = YES;
				ENABLE_PREVIEWS = YES;
				INFOPLIST_FILE = "Open In Profile Helper/Info.plist";
				LD_RUNPATH_SEARCH_PATHS = (
					"$(inherited)",
					"@executable_path/../Frameworks",
				);
				MACOSX_DEPLOYMENT_TARGET = 10.15;
				PRODUCT_BUNDLE_IDENTIFIER = "com.hcancelik.Open-In-Profile-Helper";
				PRODUCT_NAME = "$(TARGET_NAME)";
				SKIP_INSTALL = YES;
				SWIFT_VERSION = 5.0;
			};
			name = Release;
		};
		36932E6124672B1F00B752F9 /* Debug */ = {
			isa = XCBuildConfiguration;
			buildSettings = {
				ALWAYS_SEARCH_USER_PATHS = NO;
				CLANG_ANALYZER_NONNULL = YES;
				CLANG_ANALYZER_NUMBER_OBJECT_CONVERSION = YES_AGGRESSIVE;
				CLANG_CXX_LANGUAGE_STANDARD = "gnu++14";
				CLANG_CXX_LIBRARY = "libc++";
				CLANG_ENABLE_MODULES = YES;
				CLANG_ENABLE_OBJC_ARC = YES;
				CLANG_ENABLE_OBJC_WEAK = YES;
				CLANG_WARN_BLOCK_CAPTURE_AUTORELEASING = YES;
				CLANG_WARN_BOOL_CONVERSION = YES;
				CLANG_WARN_COMMA = YES;
				CLANG_WARN_CONSTANT_CONVERSION = YES;
				CLANG_WARN_DEPRECATED_OBJC_IMPLEMENTATIONS = YES;
				CLANG_WARN_DIRECT_OBJC_ISA_USAGE = YES_ERROR;
				CLANG_WARN_DOCUMENTATION_COMMENTS = YES;
				CLANG_WARN_EMPTY_BODY = YES;
				CLANG_WARN_ENUM_CONVERSION = YES;
				CLANG_WARN_INFINITE_RECURSION = YES;
				CLANG_WARN_INT_CONVERSION = YES;
				CLANG_WARN_NON_LITERAL_NULL_CONVERSION = YES;
				CLANG_WARN_OBJC_IMPLICIT_RETAIN_SELF = YES;
				CLANG_WARN_OBJC_LITERAL_CONVERSION = YES;
				CLANG_WARN_OBJC_ROOT_CLASS = YES_ERROR;
				CLANG_WARN_RANGE_LOOP_ANALYSIS = YES;
				CLANG_WARN_STRICT_PROTOTYPES = YES;
				CLANG_WARN_SUSPICIOUS_MOVE = YES;
				CLANG_WARN_UNGUARDED_AVAILABILITY = YES_AGGRESSIVE;
				CLANG_WARN_UNREACHABLE_CODE = YES;
				CLANG_WARN__DUPLICATE_METHOD_MATCH = YES;
				COPY_PHASE_STRIP = NO;
				DEBUG_INFORMATION_FORMAT = dwarf;
				ENABLE_STRICT_OBJC_MSGSEND = YES;
				ENABLE_TESTABILITY = YES;
				GCC_C_LANGUAGE_STANDARD = gnu11;
				GCC_DYNAMIC_NO_PIC = NO;
				GCC_NO_COMMON_BLOCKS = YES;
				GCC_OPTIMIZATION_LEVEL = 0;
				GCC_PREPROCESSOR_DEFINITIONS = (
					"DEBUG=1",
					"$(inherited)",
				);
				GCC_WARN_64_TO_32_BIT_CONVERSION = YES;
				GCC_WARN_ABOUT_RETURN_TYPE = YES_ERROR;
				GCC_WARN_UNDECLARED_SELECTOR = YES;
				GCC_WARN_UNINITIALIZED_AUTOS = YES_AGGRESSIVE;
				GCC_WARN_UNUSED_FUNCTION = YES;
				GCC_WARN_UNUSED_VARIABLE = YES;
				MACOSX_DEPLOYMENT_TARGET = 10.15;
				MTL_ENABLE_DEBUG_INFO = INCLUDE_SOURCE;
				MTL_FAST_MATH = YES;
				ONLY_ACTIVE_ARCH = YES;
				SDKROOT = macosx;
				SWIFT_ACTIVE_COMPILATION_CONDITIONS = DEBUG;
				SWIFT_OPTIMIZATION_LEVEL = "-Onone";
			};
			name = Debug;
		};
		36932E6224672B1F00B752F9 /* Release */ = {
			isa = XCBuildConfiguration;
			buildSettings = {
				ALWAYS_SEARCH_USER_PATHS = NO;
				CLANG_ANALYZER_NONNULL = YES;
				CLANG_ANALYZER_NUMBER_OBJECT_CONVERSION = YES_AGGRESSIVE;
				CLANG_CXX_LANGUAGE_STANDARD = "gnu++14";
				CLANG_CXX_LIBRARY = "libc++";
				CLANG_ENABLE_MODULES = YES;
				CLANG_ENABLE_OBJC_ARC = YES;
				CLANG_ENABLE_OBJC_WEAK = YES;
				CLANG_WARN_BLOCK_CAPTURE_AUTORELEASING = YES;
				CLANG_WARN_BOOL_CONVERSION = YES;
				CLANG_WARN_COMMA = YES;
				CLANG_WARN_CONSTANT_CONVERSION = YES;
				CLANG_WARN_DEPRECATED_OBJC_IMPLEMENTATIONS = YES;
				CLANG_WARN_DIRECT_OBJC_ISA_USAGE = YES_ERROR;
				CLANG_WARN_DOCUMENTATION_COMMENTS = YES;
				CLANG_WARN_EMPTY_BODY = YES;
				CLANG_WARN_ENUM_CONVERSION = YES;
				CLANG_WARN_INFINITE_RECURSION = YES;
				CLANG_WARN_INT_CONVERSION = YES;
				CLANG_WARN_NON_LITERAL_NULL_CONVERSION = YES;
				CLANG_WARN_OBJC_IMPLICIT_RETAIN_SELF = YES;
				CLANG_WARN_OBJC_LITERAL_CONVERSION = YES;
				CLANG_WARN_OBJC_ROOT_CLASS = YES_ERROR;
				CLANG_WARN_RANGE_LOOP_ANALYSIS = YES;
				CLANG_WARN_STRICT_PROTOTYPES = YES;
				CLANG_WARN_SUSPICIOUS_MOVE = YES;
				CLANG_WARN_UNGUARDED_AVAILABILITY = YES_AGGRESSIVE;
				CLANG_WARN_UNREACHABLE_CODE = YES;
				CLANG_WARN__DUPLICATE_METHOD_MATCH = YES;
				COPY_PHASE_STRIP = NO;
				DEBUG_INFORMATION_FORMAT = "dwarf-with-dsym";
				ENABLE_NS_ASSERTIONS = NO;
				ENABLE_STRICT_OBJC_MSGSEND = YES;
				GCC_C_LANGUAGE_STANDARD = gnu11;
				GCC_NO_COMMON_BLOCKS = YES;
				GCC_WARN_64_TO_32_BIT_CONVERSION = YES;
				GCC_WARN_ABOUT_RETURN_TYPE = YES_ERROR;
				GCC_WARN_UNDECLARED_SELECTOR = YES;
				GCC_WARN_UNINITIALIZED_AUTOS = YES_AGGRESSIVE;
				GCC_WARN_UNUSED_FUNCTION = YES;
				GCC_WARN_UNUSED_VARIABLE = YES;
				MACOSX_DEPLOYMENT_TARGET = 10.15;
				MTL_ENABLE_DEBUG_INFO = NO;
				MTL_FAST_MATH = YES;
				SDKROOT = macosx;
				SWIFT_COMPILATION_MODE = wholemodule;
				SWIFT_OPTIMIZATION_LEVEL = "-O";
			};
			name = Release;
		};
		36932E6424672B1F00B752F9 /* Debug */ = {
			isa = XCBuildConfiguration;
			buildSettings = {
				ASSETCATALOG_COMPILER_APPICON_NAME = AppIcon;
				CODE_SIGN_ENTITLEMENTS = "Open In Profile/Open_In_Profile.entitlements";
				CODE_SIGN_STYLE = Automatic;
				COMBINE_HIDPI_IMAGES = YES;
				CURRENT_PROJECT_VERSION = 1;
				DEVELOPMENT_ASSET_PATHS = "\"Open In Profile/Preview Content\"";
				DEVELOPMENT_TEAM = 4JKN6R4HEF;
				ENABLE_HARDENED_RUNTIME = YES;
				ENABLE_PREVIEWS = YES;
				INFOPLIST_FILE = "Open In Profile/Info.plist";
				LD_RUNPATH_SEARCH_PATHS = (
					"$(inherited)",
					"@executable_path/../Frameworks",
				);
				MACOSX_DEPLOYMENT_TARGET = 10.15;
				MARKETING_VERSION = 1.4;
				PRODUCT_BUNDLE_IDENTIFIER = "com.hcancelik.Open-In-Profile";
				PRODUCT_NAME = "$(TARGET_NAME)";
				SWIFT_VERSION = 5.0;
			};
			name = Debug;
		};
		36932E6524672B1F00B752F9 /* Release */ = {
			isa = XCBuildConfiguration;
			buildSettings = {
				ASSETCATALOG_COMPILER_APPICON_NAME = AppIcon;
				CODE_SIGN_ENTITLEMENTS = "Open In Profile/Open_In_Profile.entitlements";
				CODE_SIGN_STYLE = Automatic;
				COMBINE_HIDPI_IMAGES = YES;
				CURRENT_PROJECT_VERSION = 1;
				DEVELOPMENT_ASSET_PATHS = "\"Open In Profile/Preview Content\"";
				DEVELOPMENT_TEAM = 4JKN6R4HEF;
				ENABLE_HARDENED_RUNTIME = YES;
				ENABLE_PREVIEWS = YES;
				INFOPLIST_FILE = "Open In Profile/Info.plist";
				LD_RUNPATH_SEARCH_PATHS = (
					"$(inherited)",
					"@executable_path/../Frameworks",
				);
				MACOSX_DEPLOYMENT_TARGET = 10.15;
				MARKETING_VERSION = 1.4;
				PRODUCT_BUNDLE_IDENTIFIER = "com.hcancelik.Open-In-Profile";
				PRODUCT_NAME = "$(TARGET_NAME)";
				SWIFT_VERSION = 5.0;
			};
			name = Release;
		};
/* End XCBuildConfiguration section */

/* Begin XCConfigurationList section */
		3640A410246B04E700251FEC /* Build configuration list for PBXNativeTarget "Open In Profile Helper" */ = {
			isa = XCConfigurationList;
			buildConfigurations = (
				3640A40E246B04E700251FEC /* Debug */,
				3640A40F246B04E700251FEC /* Release */,
			);
			defaultConfigurationIsVisible = 0;
			defaultConfigurationName = Release;
		};
		36932E4824672B1E00B752F9 /* Build configuration list for PBXProject "Open In Profile" */ = {
			isa = XCConfigurationList;
			buildConfigurations = (
				36932E6124672B1F00B752F9 /* Debug */,
				36932E6224672B1F00B752F9 /* Release */,
			);
			defaultConfigurationIsVisible = 0;
			defaultConfigurationName = Release;
		};
		36932E6324672B1F00B752F9 /* Build configuration list for PBXNativeTarget "Open In Profile" */ = {
			isa = XCConfigurationList;
			buildConfigurations = (
				36932E6424672B1F00B752F9 /* Debug */,
				36932E6524672B1F00B752F9 /* Release */,
			);
			defaultConfigurationIsVisible = 0;
			defaultConfigurationName = Release;
		};
/* End XCConfigurationList section */

/* Begin XCVersionGroup section */
		36932E5424672B1E00B752F9 /* Open_In_Profile.xcdatamodeld */ = {
			isa = XCVersionGroup;
			children = (
				36932E5524672B1E00B752F9 /* Open_In_Profile.xcdatamodel */,
			);
			currentVersion = 36932E5524672B1E00B752F9 /* Open_In_Profile.xcdatamodel */;
			path = Open_In_Profile.xcdatamodeld;
			sourceTree = "<group>";
			versionGroupType = wrapper.xcdatamodel;
		};
/* End XCVersionGroup section */
	};
	rootObject = 36932E4524672B1E00B752F9 /* Project object */;
}
